// !$*UTF8*$!
{
	archiveVersion = 1;
	classes = {
	};
	objectVersion = 50;
	objects = {

/* Begin PBXBuildFile section */
		A5F69CE433E71308670AA0B2 /* Pods_BluFiExample.framework in Frameworks */ = {isa = PBXBuildFile; fileRef = FF9B227084C680902DEC3375 /* Pods_BluFiExample.framework */; };
		FFDD383721462050007F70EC /* AppDelegate.swift in Sources */ = {isa = PBXBuildFile; fileRef = FFDD383621462050007F70EC /* AppDelegate.swift */; };
		FFDD383921462050007F70EC /* ViewController.swift in Sources */ = {isa = PBXBuildFile; fileRef = FFDD383821462050007F70EC /* ViewController.swift */; };
		FFDD383C21462050007F70EC /* Main.storyboard in Resources */ = {isa = PBXBuildFile; fileRef = FFDD383A21462050007F70EC /* Main.storyboard */; };
		FFDD383E21462051007F70EC /* Assets.xcassets in Resources */ = {isa = PBXBuildFile; fileRef = FFDD383D21462051007F70EC /* Assets.xcassets */; };
		FFDD384121462051007F70EC /* LaunchScreen.storyboard in Resources */ = {isa = PBXBuildFile; fileRef = FFDD383F21462051007F70EC /* LaunchScreen.storyboard */; };
/* End PBXBuildFile section */

/* Begin PBXFileReference section */
		D735F5F4F744D018C2709378 /* Pods-BluFiExample.release.xcconfig */ = {isa = PBXFileReference; includeInIndex = 1; lastKnownFileType = text.xcconfig; name = "Pods-BluFiExample.release.xcconfig"; path = "Pods/Target Support Files/Pods-BluFiExample/Pods-BluFiExample.release.xcconfig"; sourceTree = "<group>"; };
		E8BB2DA02AA11AFCA3DFB1F3 /* Pods-BluFiExample.debug.xcconfig */ = {isa = PBXFileReference; includeInIndex = 1; lastKnownFileType = text.xcconfig; name = "Pods-BluFiExample.debug.xcconfig"; path = "Pods/Target Support Files/Pods-BluFiExample/Pods-BluFiExample.debug.xcconfig"; sourceTree = "<group>"; };
		FF9B227084C680902DEC3375 /* Pods_BluFiExample.framework */ = {isa = PBXFileReference; explicitFileType = wrapper.framework; includeInIndex = 0; path = Pods_BluFiExample.framework; sourceTree = BUILT_PRODUCTS_DIR; };
		FFDD383321462050007F70EC /* BluFiExample.app */ = {isa = PBXFileReference; explicitFileType = wrapper.application; includeInIndex = 0; path = BluFiExample.app; sourceTree = BUILT_PRODUCTS_DIR; };
		FFDD383621462050007F70EC /* AppDelegate.swift */ = {isa = PBXFileReference; lastKnownFileType = sourcecode.swift; path = AppDelegate.swift; sourceTree = "<group>"; };
		FFDD383821462050007F70EC /* ViewController.swift */ = {isa = PBXFileReference; lastKnownFileType = sourcecode.swift; path = ViewController.swift; sourceTree = "<group>"; };
		FFDD383B21462050007F70EC /* Base */ = {isa = PBXFileReference; lastKnownFileType = file.storyboard; name = Base; path = Base.lproj/Main.storyboard; sourceTree = "<group>"; };
		FFDD383D21462051007F70EC /* Assets.xcassets */ = {isa = PBXFileReference; lastKnownFileType = folder.assetcatalog; path = Assets.xcassets; sourceTree = "<group>"; };
		FFDD384021462051007F70EC /* Base */ = {isa = PBXFileReference; lastKnownFileType = file.storyboard; name = Base; path = Base.lproj/LaunchScreen.storyboard; sourceTree = "<group>"; };
		FFDD384221462051007F70EC /* Info.plist */ = {isa = PBXFileReference; lastKnownFileType = text.plist.xml; path = Info.plist; sourceTree = "<group>"; };
/* End PBXFileReference section */

/* Begin PBXFrameworksBuildPhase section */
		FFDD383021462050007F70EC /* Frameworks */ = {
			isa = PBXFrameworksBuildPhase;
			buildActionMask = 2147483647;
			files = (
				A5F69CE433E71308670AA0B2 /* Pods_BluFiExample.framework in Frameworks */,
			);
			runOnlyForDeploymentPostprocessing = 0;
		};
/* End PBXFrameworksBuildPhase section */

/* Begin PBXGroup section */
		039FADDE746E6E765B7EC47E /* Frameworks */ = {
			isa = PBXGroup;
			children = (
				FF9B227084C680902DEC3375 /* Pods_BluFiExample.framework */,
			);
			name = Frameworks;
			sourceTree = "<group>";
		};
		058004550900F0D415A5AE9B /* Pods */ = {
			isa = PBXGroup;
			children = (
				E8BB2DA02AA11AFCA3DFB1F3 /* Pods-BluFiExample.debug.xcconfig */,
				D735F5F4F744D018C2709378 /* Pods-BluFiExample.release.xcconfig */,
			);
			name = Pods;
			sourceTree = "<group>";
		};
		FFDD382A21462050007F70EC = {
			isa = PBXGroup;
			children = (
				FFDD383521462050007F70EC /* BluFiExample */,
				FFDD383421462050007F70EC /* Products */,
				058004550900F0D415A5AE9B /* Pods */,
				039FADDE746E6E765B7EC47E /* Frameworks */,
			);
			sourceTree = "<group>";
		};
		FFDD383421462050007F70EC /* Products */ = {
			isa = PBXGroup;
			children = (
				FFDD383321462050007F70EC /* BluFiExample.app */,
			);
			name = Products;
			sourceTree = "<group>";
		};
		FFDD383521462050007F70EC /* BluFiExample */ = {
			isa = PBXGroup;
			children = (
				FFDD383621462050007F70EC /* AppDelegate.swift */,
				FFDD383821462050007F70EC /* ViewController.swift */,
				FFDD383A21462050007F70EC /* Main.storyboard */,
				FFDD383D21462051007F70EC /* Assets.xcassets */,
				FFDD383F21462051007F70EC /* LaunchScreen.storyboard */,
				FFDD384221462051007F70EC /* Info.plist */,
			);
			path = BluFiExample;
			sourceTree = "<group>";
		};
/* End PBXGroup section */

/* Begin PBXNativeTarget section */
		FFDD383221462050007F70EC /* BluFiExample */ = {
			isa = PBXNativeTarget;
			buildConfigurationList = FFDD384521462051007F70EC /* Build configuration list for PBXNativeTarget "BluFiExample" */;
			buildPhases = (
				5C03A36B749E1C77C7835093 /* [CP] Check Pods Manifest.lock */,
				FFDD382F21462050007F70EC /* Sources */,
				FFDD383021462050007F70EC /* Frameworks */,
				FFDD383121462050007F70EC /* Resources */,
				0104C45EFC0D1CE05DBF63E1 /* [CP] Embed Pods Frameworks */,
			);
			buildRules = (
			);
			dependencies = (
			);
			name = BluFiExample;
			productName = BluFiExample;
			productReference = FFDD383321462050007F70EC /* BluFiExample.app */;
			productType = "com.apple.product-type.application";
		};
/* End PBXNativeTarget section */

/* Begin PBXProject section */
		FFDD382B21462050007F70EC /* Project object */ = {
			isa = PBXProject;
			attributes = {
				LastSwiftUpdateCheck = 0940;
				LastUpgradeCheck = 0940;
				ORGANIZATIONNAME = "Tuan PM";
				TargetAttributes = {
					FFDD383221462050007F70EC = {
						CreatedOnToolsVersion = 9.4.1;
					};
				};
			};
			buildConfigurationList = FFDD382E21462050007F70EC /* Build configuration list for PBXProject "BluFiExample" */;
			compatibilityVersion = "Xcode 9.3";
			developmentRegion = en;
			hasScannedForEncodings = 0;
			knownRegions = (
				en,
				Base,
			);
			mainGroup = FFDD382A21462050007F70EC;
			productRefGroup = FFDD383421462050007F70EC /* Products */;
			projectDirPath = "";
			projectRoot = "";
			targets = (
				FFDD383221462050007F70EC /* BluFiExample */,
			);
		};
/* End PBXProject section */

/* Begin PBXResourcesBuildPhase section */
		FFDD383121462050007F70EC /* Resources */ = {
			isa = PBXResourcesBuildPhase;
			buildActionMask = 2147483647;
			files = (
				FFDD384121462051007F70EC /* LaunchScreen.storyboard in Resources */,
				FFDD383E21462051007F70EC /* Assets.xcassets in Resources */,
				FFDD383C21462050007F70EC /* Main.storyboard in Resources */,
			);
			runOnlyForDeploymentPostprocessing = 0;
		};
/* End PBXResourcesBuildPhase section */

/* Begin PBXShellScriptBuildPhase section */
		0104C45EFC0D1CE05DBF63E1 /* [CP] Embed Pods Frameworks */ = {
			isa = PBXShellScriptBuildPhase;
			buildActionMask = 2147483647;
			files = (
			);
			inputFileListPaths = (
			);
			inputPaths = (
				"${SRCROOT}/Pods/Target Support Files/Pods-BluFiExample/Pods-BluFiExample-frameworks.sh",
				"${BUILT_PRODUCTS_DIR}/AwaitKit/AwaitKit.framework",
				"${BUILT_PRODUCTS_DIR}/BigInt/BigInt.framework",
				"${BUILT_PRODUCTS_DIR}/BluFi/BluFi.framework",
				"${BUILT_PRODUCTS_DIR}/CryptoSwift/CryptoSwift.framework",
				"${BUILT_PRODUCTS_DIR}/PromiseKit/PromiseKit.framework",
				"${BUILT_PRODUCTS_DIR}/SipHash/SipHash.framework",
			);
			name = "[CP] Embed Pods Frameworks";
			outputFileListPaths = (
			);
			outputPaths = (
				"${TARGET_BUILD_DIR}/${FRAMEWORKS_FOLDER_PATH}/AwaitKit.framework",
				"${TARGET_BUILD_DIR}/${FRAMEWORKS_FOLDER_PATH}/BigInt.framework",
				"${TARGET_BUILD_DIR}/${FRAMEWORKS_FOLDER_PATH}/BluFi.framework",
				"${TARGET_BUILD_DIR}/${FRAMEWORKS_FOLDER_PATH}/CryptoSwift.framework",
				"${TARGET_BUILD_DIR}/${FRAMEWORKS_FOLDER_PATH}/PromiseKit.framework",
				"${TARGET_BUILD_DIR}/${FRAMEWORKS_FOLDER_PATH}/SipHash.framework",
			);
			runOnlyForDeploymentPostprocessing = 0;
			shellPath = /bin/sh;
			shellScript = "\"${SRCROOT}/Pods/Target Support Files/Pods-BluFiExample/Pods-BluFiExample-frameworks.sh\"\n";
			showEnvVarsInLog = 0;
		};
		5C03A36B749E1C77C7835093 /* [CP] Check Pods Manifest.lock */ = {
			isa = PBXShellScriptBuildPhase;
			buildActionMask = 2147483647;
			files = (
			);
			inputFileListPaths = (
			);
			inputPaths = (
				"${PODS_PODFILE_DIR_PATH}/Podfile.lock",
				"${PODS_ROOT}/Manifest.lock",
			);
			name = "[CP] Check Pods Manifest.lock";
			outputFileListPaths = (
			);
			outputPaths = (
				"$(DERIVED_FILE_DIR)/Pods-BluFiExample-checkManifestLockResult.txt",
			);
			runOnlyForDeploymentPostprocessing = 0;
			shellPath = /bin/sh;
			shellScript = "diff \"${PODS_PODFILE_DIR_PATH}/Podfile.lock\" \"${PODS_ROOT}/Manifest.lock\" > /dev/null\nif [ $? != 0 ] ; then\n    # print error to STDERR\n    echo \"error: The sandbox is not in sync with the Podfile.lock. Run 'pod install' or update your CocoaPods installation.\" >&2\n    exit 1\nfi\n# This output is used by Xcode 'outputs' to avoid re-running this script phase.\necho \"SUCCESS\" > \"${SCRIPT_OUTPUT_FILE_0}\"\n";
			showEnvVarsInLog = 0;
		};
/* End PBXShellScriptBuildPhase section */

/* Begin PBXSourcesBuildPhase section */
		FFDD382F21462050007F70EC /* Sources */ = {
			isa = PBXSourcesBuildPhase;
			buildActionMask = 2147483647;
			files = (
				FFDD383921462050007F70EC /* ViewController.swift in Sources */,
				FFDD383721462050007F70EC /* AppDelegate.swift in Sources */,
			);
			runOnlyForDeploymentPostprocessing = 0;
		};
/* End PBXSourcesBuildPhase section */

/* Begin PBXVariantGroup section */
		FFDD383A21462050007F70EC /* Main.storyboard */ = {
			isa = PBXVariantGroup;
			children = (
				FFDD383B21462050007F70EC /* Base */,
			);
			name = Main.storyboard;
			sourceTree = "<group>";
		};
		FFDD383F21462051007F70EC /* LaunchScreen.storyboard */ = {
			isa = PBXVariantGroup;
			children = (
				FFDD384021462051007F70EC /* Base */,
			);
			name = LaunchScreen.storyboard;
			sourceTree = "<group>";
		};
/* End PBXVariantGroup section */

/* Begin XCBuildConfiguration section */
		FFDD384321462051007F70EC /* Debug */ = {
			isa = XCBuildConfiguration;
			buildSettings = {
				ALWAYS_SEARCH_USER_PATHS = NO;
				CLANG_ANALYZER_NONNULL = YES;
				CLANG_ANALYZER_NUMBER_OBJECT_CONVERSION = YES_AGGRESSIVE;
				CLANG_CXX_LANGUAGE_STANDARD = "gnu++14";
				CLANG_CXX_LIBRARY = "libc++";
				CLANG_ENABLE_MODULES = YES;
				CLANG_ENABLE_OBJC_ARC = YES;
				CLANG_ENABLE_OBJC_WEAK = YES;
				CLANG_WARN_BLOCK_CAPTURE_AUTORELEASING = YES;
				CLANG_WARN_BOOL_CONVERSION = YES;
				CLANG_WARN_COMMA = YES;
				CLANG_WARN_CONSTANT_CONVERSION = YES;
				CLANG_WARN_DEPRECATED_OBJC_IMPLEMENTATIONS = YES;
				CLANG_WARN_DIRECT_OBJC_ISA_USAGE = YES_ERROR;
				CLANG_WARN_DOCUMENTATION_COMMENTS = YES;
				CLANG_WARN_EMPTY_BODY = YES;
				CLANG_WARN_ENUM_CONVERSION = YES;
				CLANG_WARN_INFINITE_RECURSION = YES;
				CLANG_WARN_INT_CONVERSION = YES;
				CLANG_WARN_NON_LITERAL_NULL_CONVERSION = YES;
				CLANG_WARN_OBJC_IMPLICIT_RETAIN_SELF = YES;
				CLANG_WARN_OBJC_LITERAL_CONVERSION = YES;
				CLANG_WARN_OBJC_ROOT_CLASS = YES_ERROR;
				CLANG_WARN_RANGE_LOOP_ANALYSIS = YES;
				CLANG_WARN_STRICT_PROTOTYPES = YES;
				CLANG_WARN_SUSPICIOUS_MOVE = YES;
				CLANG_WARN_UNGUARDED_AVAILABILITY = YES_AGGRESSIVE;
				CLANG_WARN_UNREACHABLE_CODE = YES;
				CLANG_WARN__DUPLICATE_METHOD_MATCH = YES;
				CODE_SIGN_IDENTITY = "iPhone Developer";
				COPY_PHASE_STRIP = NO;
				DEBUG_INFORMATION_FORMAT = dwarf;
				ENABLE_STRICT_OBJC_MSGSEND = YES;
				ENABLE_TESTABILITY = YES;
				GCC_C_LANGUAGE_STANDARD = gnu11;
				GCC_DYNAMIC_NO_PIC = NO;
				GCC_NO_COMMON_BLOCKS = YES;
				GCC_OPTIMIZATION_LEVEL = 0;
				GCC_PREPROCESSOR_DEFINITIONS = (
					"DEBUG=1",
					"$(inherited)",
				);
				GCC_WARN_64_TO_32_BIT_CONVERSION = YES;
				GCC_WARN_ABOUT_RETURN_TYPE = YES_ERROR;
				GCC_WARN_UNDECLARED_SELECTOR = YES;
				GCC_WARN_UNINITIALIZED_AUTOS = YES_AGGRESSIVE;
				GCC_WARN_UNUSED_FUNCTION = YES;
				GCC_WARN_UNUSED_VARIABLE = YES;
				IPHONEOS_DEPLOYMENT_TARGET = 11.4;
				MTL_ENABLE_DEBUG_INFO = YES;
				ONLY_ACTIVE_ARCH = YES;
				SDKROOT = iphoneos;
				SWIFT_ACTIVE_COMPILATION_CONDITIONS = DEBUG;
				SWIFT_OPTIMIZATION_LEVEL = "-Onone";
			};
			name = Debug;
		};
		FFDD384421462051007F70EC /* Release */ = {
			isa = XCBuildConfiguration;
			buildSettings = {
				ALWAYS_SEARCH_USER_PATHS = NO;
				CLANG_ANALYZER_NONNULL = YES;
				CLANG_ANALYZER_NUMBER_OBJECT_CONVERSION = YES_AGGRESSIVE;
				CLANG_CXX_LANGUAGE_STANDARD = "gnu++14";
				CLANG_CXX_LIBRARY = "libc++";
				CLANG_ENABLE_MODULES = YES;
				CLANG_ENABLE_OBJC_ARC = YES;
				CLANG_ENABLE_OBJC_WEAK = YES;
				CLANG_WARN_BLOCK_CAPTURE_AUTORELEASING = YES;
				CLANG_WARN_BOOL_CONVERSION = YES;
				CLANG_WARN_COMMA = YES;
				CLANG_WARN_CONSTANT_CONVERSION = YES;
				CLANG_WARN_DEPRECATED_OBJC_IMPLEMENTATIONS = YES;
				CLANG_WARN_DIRECT_OBJC_ISA_USAGE = YES_ERROR;
				CLANG_WARN_DOCUMENTATION_COMMENTS = YES;
				CLANG_WARN_EMPTY_BODY = YES;
				CLANG_WARN_ENUM_CONVERSION = YES;
				CLANG_WARN_INFINITE_RECURSION = YES;
				CLANG_WARN_INT_CONVERSION = YES;
				CLANG_WARN_NON_LITERAL_NULL_CONVERSION = YES;
				CLANG_WARN_OBJC_IMPLICIT_RETAIN_SELF = YES;
				CLANG_WARN_OBJC_LITERAL_CONVERSION = YES;
				CLANG_WARN_OBJC_ROOT_CLASS = YES_ERROR;
				CLANG_WARN_RANGE_LOOP_ANALYSIS = YES;
				CLANG_WARN_STRICT_PROTOTYPES = YES;
				CLANG_WARN_SUSPICIOUS_MOVE = YES;
				CLANG_WARN_UNGUARDED_AVAILABILITY = YES_AGGRESSIVE;
				CLANG_WARN_UNREACHABLE_CODE = YES;
				CLANG_WARN__DUPLICATE_METHOD_MATCH = YES;
				CODE_SIGN_IDENTITY = "iPhone Developer";
				COPY_PHASE_STRIP = NO;
				DEBUG_INFORMATION_FORMAT = "dwarf-with-dsym";
				ENABLE_NS_ASSERTIONS = NO;
				ENABLE_STRICT_OBJC_MSGSEND = YES;
				GCC_C_LANGUAGE_STANDARD = gnu11;
				GCC_NO_COMMON_BLOCKS = YES;
				GCC_WARN_64_TO_32_BIT_CONVERSION = YES;
				GCC_WARN_ABOUT_RETURN_TYPE = YES_ERROR;
				GCC_WARN_UNDECLARED_SELECTOR = YES;
				GCC_WARN_UNINITIALIZED_AUTOS = YES_AGGRESSIVE;
				GCC_WARN_UNUSED_FUNCTION = YES;
				GCC_WARN_UNUSED_VARIABLE = YES;
				IPHONEOS_DEPLOYMENT_TARGET = 11.4;
				MTL_ENABLE_DEBUG_INFO = NO;
				SDKROOT = iphoneos;
				SWIFT_COMPILATION_MODE = wholemodule;
				SWIFT_OPTIMIZATION_LEVEL = "-O";
				VALIDATE_PRODUCT = YES;
			};
			name = Release;
		};
		FFDD384621462051007F70EC /* Debug */ = {
			isa = XCBuildConfiguration;
			baseConfigurationReference = E8BB2DA02AA11AFCA3DFB1F3 /* Pods-BluFiExample.debug.xcconfig */;
			buildSettings = {
				ASSETCATALOG_COMPILER_APPICON_NAME = AppIcon;
				CODE_SIGN_STYLE = Automatic;
				DEVELOPMENT_TEAM = Y8WKKLD7GA;
				INFOPLIST_FILE = BluFiExample/Info.plist;
				LD_RUNPATH_SEARCH_PATHS = (
					"$(inherited)",
					"@executable_path/Frameworks",
				);
				PRODUCT_BUNDLE_IDENTIFIER = com.tuanpm.BluFiExample;
				PRODUCT_NAME = "$(TARGET_NAME)";
				SWIFT_VERSION = 4.0;
				TARGETED_DEVICE_FAMILY = "1,2";
			};
			name = Debug;
		};
		FFDD384721462051007F70EC /* Release */ = {
			isa = XCBuildConfiguration;
			baseConfigurationReference = D735F5F4F744D018C2709378 /* Pods-BluFiExample.release.xcconfig */;
			buildSettings = {
				ASSETCATALOG_COMPILER_APPICON_NAME = AppIcon;
				CODE_SIGN_STYLE = Automatic;
				DEVELOPMENT_TEAM = Y8WKKLD7GA;
				INFOPLIST_FILE = BluFiExample/Info.plist;
				LD_RUNPATH_SEARCH_PATHS = (
					"$(inherited)",
					"@executable_path/Frameworks",
				);
				PRODUCT_BUNDLE_IDENTIFIER = com.tuanpm.BluFiExample;
				PRODUCT_NAME = "$(TARGET_NAME)";
				SWIFT_VERSION = 4.0;
				TARGETED_DEVICE_FAMILY = "1,2";
			};
			name = Release;
		};
/* End XCBuildConfiguration section */

/* Begin XCConfigurationList section */
		FFDD382E21462050007F70EC /* Build configuration list for PBXProject "BluFiExample" */ = {
			isa = XCConfigurationList;
			buildConfigurations = (
				FFDD384321462051007F70EC /* Debug */,
				FFDD384421462051007F70EC /* Release */,
			);
			defaultConfigurationIsVisible = 0;
			defaultConfigurationName = Release;
		};
		FFDD384521462051007F70EC /* Build configuration list for PBXNativeTarget "BluFiExample" */ = {
			isa = XCConfigurationList;
			buildConfigurations = (
				FFDD384621462051007F70EC /* Debug */,
				FFDD384721462051007F70EC /* Release */,
			);
			defaultConfigurationIsVisible = 0;
			defaultConfigurationName = Release;
		};
/* End XCConfigurationList section */
	};
	rootObject = FFDD382B21462050007F70EC /* Project object */;
}
